
Microsoft Visual Studio Solution File, Format Version 12.00
# Visual Studio Version 17
VisualStudioVersion = 17.8.34511.84
MinimumVisualStudioVersion = 10.0.40219.1
Project("{FAE04EC0-301F-11D3-BF4B-00C04F79EFBC}") = "Consegna-Backend-U1-S3-L2", "Consegna-Backend-U1-S3-L2\Consegna-Backend-U1-S3-L2.csproj", "{B832459B-85AB-49F7-8D90-772FD64083F8}"
EndProject
Global
	GlobalSection(SolutionConfigurationPlatforms) = preSolution
		Debug|Any CPU = Debug|Any CPU
		Release|Any CPU = Release|Any CPU
	EndGlobalSection
	GlobalSection(ProjectConfigurationPlatforms) = postSolution
		{B832459B-85AB-49F7-8D90-772FD64083F8}.Debug|Any CPU.ActiveCfg = Debug|Any CPU
		{B832459B-85AB-49F7-8D90-772FD64083F8}.Debug|Any CPU.Build.0 = Debug|Any CPU
		{B832459B-85AB-49F7-8D90-772FD64083F8}.Release|Any CPU.ActiveCfg = Release|Any CPU
		{B832459B-85AB-49F7-8D90-772FD64083F8}.Release|Any CPU.Build.0 = Release|Any CPU
	EndGlobalSection
	GlobalSection(SolutionProperties) = preSolution
		HideSolutionNode = FALSE
	EndGlobalSection
	GlobalSection(ExtensibilityGlobals) = postSolution
		SolutionGuid = {73308ED3-4BB6-4E9C-A2D9-E6EA7B0866E0}
	EndGlobalSection
EndGlobal
